// !$*UTF8*$!
{
	archiveVersion = 1;
	classes = {
	};
	objectVersion = 50;
	objects = {

/* Begin PBXBuildFile section */
		5D3527321F4D08A687153D0C /* Pods_CleanArchitectureRealm.framework in Frameworks */ = {isa = PBXBuildFile; fileRef = 7CD165E0CB9E9D556F5DC367 /* Pods_CleanArchitectureRealm.framework */; };
		792EB762212E2B1D00F1D361 /* AppDelegate.swift in Sources */ = {isa = PBXBuildFile; fileRef = 792EB761212E2B1D00F1D361 /* AppDelegate.swift */; };
		792EB764212E2B1D00F1D361 /* ViewController.swift in Sources */ = {isa = PBXBuildFile; fileRef = 792EB763212E2B1D00F1D361 /* ViewController.swift */; };
		792EB767212E2B1E00F1D361 /* Main.storyboard in Resources */ = {isa = PBXBuildFile; fileRef = 792EB765212E2B1E00F1D361 /* Main.storyboard */; };
		792EB769212E2B2600F1D361 /* Assets.xcassets in Resources */ = {isa = PBXBuildFile; fileRef = 792EB768212E2B2600F1D361 /* Assets.xcassets */; };
		792EB76C212E2B2700F1D361 /* LaunchScreen.storyboard in Resources */ = {isa = PBXBuildFile; fileRef = 792EB76A212E2B2700F1D361 /* LaunchScreen.storyboard */; };
		792EB77C212E2E3700F1D361 /* RealmPlatform.h in Headers */ = {isa = PBXBuildFile; fileRef = 792EB77A212E2E3700F1D361 /* RealmPlatform.h */; settings = {ATTRIBUTES = (Public, ); }; };
		792EB77F212E2E3700F1D361 /* RealmPlatform.framework in Frameworks */ = {isa = PBXBuildFile; fileRef = 792EB778212E2E3700F1D361 /* RealmPlatform.framework */; };
		792EB780212E2E3700F1D361 /* RealmPlatform.framework in Embed Frameworks */ = {isa = PBXBuildFile; fileRef = 792EB778212E2E3700F1D361 /* RealmPlatform.framework */; settings = {ATTRIBUTES = (CodeSignOnCopy, RemoveHeadersOnCopy, ); }; };
		792EB78E212E2E5F00F1D361 /* Domain.h in Headers */ = {isa = PBXBuildFile; fileRef = 792EB78C212E2E5F00F1D361 /* Domain.h */; settings = {ATTRIBUTES = (Public, ); }; };
		792EB791212E2E5F00F1D361 /* Domain.framework in Frameworks */ = {isa = PBXBuildFile; fileRef = 792EB78A212E2E5F00F1D361 /* Domain.framework */; };
		792EB792212E2E5F00F1D361 /* Domain.framework in Embed Frameworks */ = {isa = PBXBuildFile; fileRef = 792EB78A212E2E5F00F1D361 /* Domain.framework */; settings = {ATTRIBUTES = (CodeSignOnCopy, RemoveHeadersOnCopy, ); }; };
		792EB799212E30D100F1D361 /* Observable+Ext.swift in Sources */ = {isa = PBXBuildFile; fileRef = 792EB798212E30D100F1D361 /* Observable+Ext.swift */; };
		792EB79D212E33C800F1D361 /* DomainConvertibleType.swift in Sources */ = {isa = PBXBuildFile; fileRef = 792EB79C212E33C800F1D361 /* DomainConvertibleType.swift */; };
		792EB79F212E33E200F1D361 /* RealmRepresentable.swift in Sources */ = {isa = PBXBuildFile; fileRef = 792EB79E212E33E200F1D361 /* RealmRepresentable.swift */; };
		792EB7A1212E341D00F1D361 /* Realm+Ext.swift in Sources */ = {isa = PBXBuildFile; fileRef = 792EB7A0212E341D00F1D361 /* Realm+Ext.swift */; };
		792EB7A4212E365C00F1D361 /* Repository.swift in Sources */ = {isa = PBXBuildFile; fileRef = 792EB7A3212E365C00F1D361 /* Repository.swift */; };
		792EB7A7212E369600F1D361 /* RunLoopThreadScheduler.swift in Sources */ = {isa = PBXBuildFile; fileRef = 792EB7A6212E369600F1D361 /* RunLoopThreadScheduler.swift */; };
		E0FE03294736FA5DCF4EC232 /* Pods_Domain.framework in Frameworks */ = {isa = PBXBuildFile; fileRef = DABF72985E51FAC7422B0372 /* Pods_Domain.framework */; };
		E1D29DF4FEB44410E99ECF8E /* Pods_RealmPlatform.framework in Frameworks */ = {isa = PBXBuildFile; fileRef = 065ADB330A88B0E5B1A021B8 /* Pods_RealmPlatform.framework */; };
/* End PBXBuildFile section */

/* Begin PBXContainerItemProxy section */
		792EB77D212E2E3700F1D361 /* PBXContainerItemProxy */ = {
			isa = PBXContainerItemProxy;
			containerPortal = 792EB756212E2B1D00F1D361 /* Project object */;
			proxyType = 1;
			remoteGlobalIDString = 792EB777212E2E3700F1D361;
			remoteInfo = RealmPlatform;
		};
		792EB78F212E2E5F00F1D361 /* PBXContainerItemProxy */ = {
			isa = PBXContainerItemProxy;
			containerPortal = 792EB756212E2B1D00F1D361 /* Project object */;
			proxyType = 1;
			remoteGlobalIDString = 792EB789212E2E5F00F1D361;
			remoteInfo = Domain;
		};
/* End PBXContainerItemProxy section */

/* Begin PBXCopyFilesBuildPhase section */
		792EB784212E2E3700F1D361 /* Embed Frameworks */ = {
			isa = PBXCopyFilesBuildPhase;
			buildActionMask = 2147483647;
			dstPath = "";
			dstSubfolderSpec = 10;
			files = (
				792EB792212E2E5F00F1D361 /* Domain.framework in Embed Frameworks */,
				792EB780212E2E3700F1D361 /* RealmPlatform.framework in Embed Frameworks */,
			);
			name = "Embed Frameworks";
			runOnlyForDeploymentPostprocessing = 0;
		};
/* End PBXCopyFilesBuildPhase section */

/* Begin PBXFileReference section */
		062EADD57ECBBD777FEAD3D6 /* Pods-RealmPlatform.debug.xcconfig */ = {isa = PBXFileReference; includeInIndex = 1; lastKnownFileType = text.xcconfig; name = "Pods-RealmPlatform.debug.xcconfig"; path = "Pods/Target Support Files/Pods-RealmPlatform/Pods-RealmPlatform.debug.xcconfig"; sourceTree = "<group>"; };
		065ADB330A88B0E5B1A021B8 /* Pods_RealmPlatform.framework */ = {isa = PBXFileReference; explicitFileType = wrapper.framework; includeInIndex = 0; path = Pods_RealmPlatform.framework; sourceTree = BUILT_PRODUCTS_DIR; };
		23E01CFF64EA1665211379E7 /* Pods-CleanArchitectureRealm.debug.xcconfig */ = {isa = PBXFileReference; includeInIndex = 1; lastKnownFileType = text.xcconfig; name = "Pods-CleanArchitectureRealm.debug.xcconfig"; path = "Pods/Target Support Files/Pods-CleanArchitectureRealm/Pods-CleanArchitectureRealm.debug.xcconfig"; sourceTree = "<group>"; };
		37761BC38FBBB27C7180A337 /* Pods-CleanArchitectureRealm.release.xcconfig */ = {isa = PBXFileReference; includeInIndex = 1; lastKnownFileType = text.xcconfig; name = "Pods-CleanArchitectureRealm.release.xcconfig"; path = "Pods/Target Support Files/Pods-CleanArchitectureRealm/Pods-CleanArchitectureRealm.release.xcconfig"; sourceTree = "<group>"; };
		792EB75E212E2B1D00F1D361 /* CleanArchitectureRealm.app */ = {isa = PBXFileReference; explicitFileType = wrapper.application; includeInIndex = 0; path = CleanArchitectureRealm.app; sourceTree = BUILT_PRODUCTS_DIR; };
		792EB761212E2B1D00F1D361 /* AppDelegate.swift */ = {isa = PBXFileReference; lastKnownFileType = sourcecode.swift; path = AppDelegate.swift; sourceTree = "<group>"; };
		792EB763212E2B1D00F1D361 /* ViewController.swift */ = {isa = PBXFileReference; lastKnownFileType = sourcecode.swift; path = ViewController.swift; sourceTree = "<group>"; };
		792EB766212E2B1E00F1D361 /* Base */ = {isa = PBXFileReference; lastKnownFileType = file.storyboard; name = Base; path = Base.lproj/Main.storyboard; sourceTree = "<group>"; };
		792EB768212E2B2600F1D361 /* Assets.xcassets */ = {isa = PBXFileReference; lastKnownFileType = folder.assetcatalog; path = Assets.xcassets; sourceTree = "<group>"; };
		792EB76B212E2B2700F1D361 /* Base */ = {isa = PBXFileReference; lastKnownFileType = file.storyboard; name = Base; path = Base.lproj/LaunchScreen.storyboard; sourceTree = "<group>"; };
		792EB76D212E2B2700F1D361 /* Info.plist */ = {isa = PBXFileReference; lastKnownFileType = text.plist.xml; path = Info.plist; sourceTree = "<group>"; };
		792EB778212E2E3700F1D361 /* RealmPlatform.framework */ = {isa = PBXFileReference; explicitFileType = wrapper.framework; includeInIndex = 0; path = RealmPlatform.framework; sourceTree = BUILT_PRODUCTS_DIR; };
		792EB77A212E2E3700F1D361 /* RealmPlatform.h */ = {isa = PBXFileReference; lastKnownFileType = sourcecode.c.h; path = RealmPlatform.h; sourceTree = "<group>"; };
		792EB77B212E2E3700F1D361 /* Info.plist */ = {isa = PBXFileReference; lastKnownFileType = text.plist.xml; path = Info.plist; sourceTree = "<group>"; };
		792EB78A212E2E5F00F1D361 /* Domain.framework */ = {isa = PBXFileReference; explicitFileType = wrapper.framework; includeInIndex = 0; path = Domain.framework; sourceTree = BUILT_PRODUCTS_DIR; };
		792EB78C212E2E5F00F1D361 /* Domain.h */ = {isa = PBXFileReference; lastKnownFileType = sourcecode.c.h; path = Domain.h; sourceTree = "<group>"; };
		792EB78D212E2E5F00F1D361 /* Info.plist */ = {isa = PBXFileReference; lastKnownFileType = text.plist.xml; path = Info.plist; sourceTree = "<group>"; };
		792EB798212E30D100F1D361 /* Observable+Ext.swift */ = {isa = PBXFileReference; lastKnownFileType = sourcecode.swift; path = "Observable+Ext.swift"; sourceTree = "<group>"; };
		792EB79C212E33C800F1D361 /* DomainConvertibleType.swift */ = {isa = PBXFileReference; lastKnownFileType = sourcecode.swift; path = DomainConvertibleType.swift; sourceTree = "<group>"; };
		792EB79E212E33E200F1D361 /* RealmRepresentable.swift */ = {isa = PBXFileReference; lastKnownFileType = sourcecode.swift; path = RealmRepresentable.swift; sourceTree = "<group>"; };
		792EB7A0212E341D00F1D361 /* Realm+Ext.swift */ = {isa = PBXFileReference; lastKnownFileType = sourcecode.swift; path = "Realm+Ext.swift"; sourceTree = "<group>"; };
		792EB7A3212E365C00F1D361 /* Repository.swift */ = {isa = PBXFileReference; lastKnownFileType = sourcecode.swift; path = Repository.swift; sourceTree = "<group>"; };
		792EB7A6212E369600F1D361 /* RunLoopThreadScheduler.swift */ = {isa = PBXFileReference; lastKnownFileType = sourcecode.swift; path = RunLoopThreadScheduler.swift; sourceTree = "<group>"; };
		7B54DDC799B3A516E08D9CFF /* Pods-Domain.debug.xcconfig */ = {isa = PBXFileReference; includeInIndex = 1; lastKnownFileType = text.xcconfig; name = "Pods-Domain.debug.xcconfig"; path = "Pods/Target Support Files/Pods-Domain/Pods-Domain.debug.xcconfig"; sourceTree = "<group>"; };
		7CD165E0CB9E9D556F5DC367 /* Pods_CleanArchitectureRealm.framework */ = {isa = PBXFileReference; explicitFileType = wrapper.framework; includeInIndex = 0; path = Pods_CleanArchitectureRealm.framework; sourceTree = BUILT_PRODUCTS_DIR; };
		DABF72985E51FAC7422B0372 /* Pods_Domain.framework */ = {isa = PBXFileReference; explicitFileType = wrapper.framework; includeInIndex = 0; path = Pods_Domain.framework; sourceTree = BUILT_PRODUCTS_DIR; };
		F91703418CAE1A281EE44560 /* Pods-Domain.release.xcconfig */ = {isa = PBXFileReference; includeInIndex = 1; lastKnownFileType = text.xcconfig; name = "Pods-Domain.release.xcconfig"; path = "Pods/Target Support Files/Pods-Domain/Pods-Domain.release.xcconfig"; sourceTree = "<group>"; };
		F9370617714CC943708533C2 /* Pods-RealmPlatform.release.xcconfig */ = {isa = PBXFileReference; includeInIndex = 1; lastKnownFileType = text.xcconfig; name = "Pods-RealmPlatform.release.xcconfig"; path = "Pods/Target Support Files/Pods-RealmPlatform/Pods-RealmPlatform.release.xcconfig"; sourceTree = "<group>"; };
/* End PBXFileReference section */

/* Begin PBXFrameworksBuildPhase section */
		792EB75B212E2B1D00F1D361 /* Frameworks */ = {
			isa = PBXFrameworksBuildPhase;
			buildActionMask = 2147483647;
			files = (
				792EB791212E2E5F00F1D361 /* Domain.framework in Frameworks */,
				792EB77F212E2E3700F1D361 /* RealmPlatform.framework in Frameworks */,
				5D3527321F4D08A687153D0C /* Pods_CleanArchitectureRealm.framework in Frameworks */,
			);
			runOnlyForDeploymentPostprocessing = 0;
		};
		792EB775212E2E3700F1D361 /* Frameworks */ = {
			isa = PBXFrameworksBuildPhase;
			buildActionMask = 2147483647;
			files = (
				E1D29DF4FEB44410E99ECF8E /* Pods_RealmPlatform.framework in Frameworks */,
			);
			runOnlyForDeploymentPostprocessing = 0;
		};
		792EB787212E2E5F00F1D361 /* Frameworks */ = {
			isa = PBXFrameworksBuildPhase;
			buildActionMask = 2147483647;
			files = (
				E0FE03294736FA5DCF4EC232 /* Pods_Domain.framework in Frameworks */,
			);
			runOnlyForDeploymentPostprocessing = 0;
		};
/* End PBXFrameworksBuildPhase section */

/* Begin PBXGroup section */
		6926B4B38D512E5AE7DB23C3 /* Pods */ = {
			isa = PBXGroup;
			children = (
				23E01CFF64EA1665211379E7 /* Pods-CleanArchitectureRealm.debug.xcconfig */,
				37761BC38FBBB27C7180A337 /* Pods-CleanArchitectureRealm.release.xcconfig */,
				7B54DDC799B3A516E08D9CFF /* Pods-Domain.debug.xcconfig */,
				F91703418CAE1A281EE44560 /* Pods-Domain.release.xcconfig */,
				062EADD57ECBBD777FEAD3D6 /* Pods-RealmPlatform.debug.xcconfig */,
				F9370617714CC943708533C2 /* Pods-RealmPlatform.release.xcconfig */,
			);
			name = Pods;
			sourceTree = "<group>";
		};
		792EB755212E2B1D00F1D361 = {
			isa = PBXGroup;
			children = (
				792EB760212E2B1D00F1D361 /* CleanArchitectureRealm */,
				792EB779212E2E3700F1D361 /* RealmPlatform */,
				792EB78B212E2E5F00F1D361 /* Domain */,
				792EB75F212E2B1D00F1D361 /* Products */,
				6926B4B38D512E5AE7DB23C3 /* Pods */,
				C02D0D23B991BEBEE1574DD4 /* Frameworks */,
			);
			sourceTree = "<group>";
		};
		792EB75F212E2B1D00F1D361 /* Products */ = {
			isa = PBXGroup;
			children = (
				792EB75E212E2B1D00F1D361 /* CleanArchitectureRealm.app */,
				792EB778212E2E3700F1D361 /* RealmPlatform.framework */,
				792EB78A212E2E5F00F1D361 /* Domain.framework */,
			);
			name = Products;
			sourceTree = "<group>";
		};
		792EB760212E2B1D00F1D361 /* CleanArchitectureRealm */ = {
			isa = PBXGroup;
			children = (
				792EB761212E2B1D00F1D361 /* AppDelegate.swift */,
				792EB763212E2B1D00F1D361 /* ViewController.swift */,
				792EB765212E2B1E00F1D361 /* Main.storyboard */,
				792EB768212E2B2600F1D361 /* Assets.xcassets */,
				792EB76A212E2B2700F1D361 /* LaunchScreen.storyboard */,
				792EB76D212E2B2700F1D361 /* Info.plist */,
			);
			path = CleanArchitectureRealm;
			sourceTree = "<group>";
		};
		792EB779212E2E3700F1D361 /* RealmPlatform */ = {
			isa = PBXGroup;
			children = (
				792EB7A2212E364C00F1D361 /* Repository */,
				792EB79A212E33A400F1D361 /* Entities */,
				792EB77A212E2E3700F1D361 /* RealmPlatform.h */,
				792EB77B212E2E3700F1D361 /* Info.plist */,
				792EB796212E309600F1D361 /* Utilities */,
			);
			path = RealmPlatform;
			sourceTree = "<group>";
		};
		792EB78B212E2E5F00F1D361 /* Domain */ = {
			isa = PBXGroup;
			children = (
				792EB78C212E2E5F00F1D361 /* Domain.h */,
				792EB78D212E2E5F00F1D361 /* Info.plist */,
			);
			path = Domain;
			sourceTree = "<group>";
		};
		792EB796212E309600F1D361 /* Utilities */ = {
			isa = PBXGroup;
			children = (
				792EB7A5212E368200F1D361 /* RxUnits */,
				792EB797212E30A900F1D361 /* Extensions */,
			);
			path = Utilities;
			sourceTree = "<group>";
		};
		792EB797212E30A900F1D361 /* Extensions */ = {
			isa = PBXGroup;
			children = (
				792EB798212E30D100F1D361 /* Observable+Ext.swift */,
				792EB7A0212E341D00F1D361 /* Realm+Ext.swift */,
			);
			path = Extensions;
			sourceTree = "<group>";
		};
		792EB79A212E33A400F1D361 /* Entities */ = {
			isa = PBXGroup;
			children = (
				792EB79B212E33AC00F1D361 /* Conversion */,
			);
			path = Entities;
			sourceTree = "<group>";
		};
		792EB79B212E33AC00F1D361 /* Conversion */ = {
			isa = PBXGroup;
			children = (
				792EB79C212E33C800F1D361 /* DomainConvertibleType.swift */,
				792EB79E212E33E200F1D361 /* RealmRepresentable.swift */,
			);
			path = Conversion;
			sourceTree = "<group>";
		};
		792EB7A2212E364C00F1D361 /* Repository */ = {
			isa = PBXGroup;
			children = (
				792EB7A3212E365C00F1D361 /* Repository.swift */,
			);
			path = Repository;
			sourceTree = "<group>";
		};
		792EB7A5212E368200F1D361 /* RxUnits */ = {
			isa = PBXGroup;
			children = (
				792EB7A6212E369600F1D361 /* RunLoopThreadScheduler.swift */,
			);
			path = RxUnits;
			sourceTree = "<group>";
		};
		C02D0D23B991BEBEE1574DD4 /* Frameworks */ = {
			isa = PBXGroup;
			children = (
				7CD165E0CB9E9D556F5DC367 /* Pods_CleanArchitectureRealm.framework */,
				DABF72985E51FAC7422B0372 /* Pods_Domain.framework */,
				065ADB330A88B0E5B1A021B8 /* Pods_RealmPlatform.framework */,
			);
			name = Frameworks;
			sourceTree = "<group>";
		};
/* End PBXGroup section */

/* Begin PBXHeadersBuildPhase section */
		792EB773212E2E3700F1D361 /* Headers */ = {
			isa = PBXHeadersBuildPhase;
			buildActionMask = 2147483647;
			files = (
				792EB77C212E2E3700F1D361 /* RealmPlatform.h in Headers */,
			);
			runOnlyForDeploymentPostprocessing = 0;
		};
		792EB785212E2E5F00F1D361 /* Headers */ = {
			isa = PBXHeadersBuildPhase;
			buildActionMask = 2147483647;
			files = (
				792EB78E212E2E5F00F1D361 /* Domain.h in Headers */,
			);
			runOnlyForDeploymentPostprocessing = 0;
		};
/* End PBXHeadersBuildPhase section */

/* Begin PBXNativeTarget section */
		792EB75D212E2B1D00F1D361 /* CleanArchitectureRealm */ = {
			isa = PBXNativeTarget;
			buildConfigurationList = 792EB770212E2B2700F1D361 /* Build configuration list for PBXNativeTarget "CleanArchitectureRealm" */;
			buildPhases = (
				A9238EA5057801636672DCBD /* [CP] Check Pods Manifest.lock */,
				792EB75A212E2B1D00F1D361 /* Sources */,
				792EB75B212E2B1D00F1D361 /* Frameworks */,
				792EB75C212E2B1D00F1D361 /* Resources */,
				792EB784212E2E3700F1D361 /* Embed Frameworks */,
				A0DA315B9AE966BB4183EFAC /* [CP] Embed Pods Frameworks */,
			);
			buildRules = (
			);
			dependencies = (
				792EB77E212E2E3700F1D361 /* PBXTargetDependency */,
				792EB790212E2E5F00F1D361 /* PBXTargetDependency */,
			);
			name = CleanArchitectureRealm;
			productName = CleanArchitectureRealm;
			productReference = 792EB75E212E2B1D00F1D361 /* CleanArchitectureRealm.app */;
			productType = "com.apple.product-type.application";
		};
		792EB777212E2E3700F1D361 /* RealmPlatform */ = {
			isa = PBXNativeTarget;
			buildConfigurationList = 792EB783212E2E3700F1D361 /* Build configuration list for PBXNativeTarget "RealmPlatform" */;
			buildPhases = (
				7596141DB0450560FBB96E11 /* [CP] Check Pods Manifest.lock */,
				792EB773212E2E3700F1D361 /* Headers */,
				792EB774212E2E3700F1D361 /* Sources */,
				792EB775212E2E3700F1D361 /* Frameworks */,
				792EB776212E2E3700F1D361 /* Resources */,
			);
			buildRules = (
			);
			dependencies = (
			);
			name = RealmPlatform;
			productName = RealmPlatform;
			productReference = 792EB778212E2E3700F1D361 /* RealmPlatform.framework */;
			productType = "com.apple.product-type.framework";
		};
		792EB789212E2E5F00F1D361 /* Domain */ = {
			isa = PBXNativeTarget;
			buildConfigurationList = 792EB793212E2E5F00F1D361 /* Build configuration list for PBXNativeTarget "Domain" */;
			buildPhases = (
				7E433860B9C684C248F1DF79 /* [CP] Check Pods Manifest.lock */,
				792EB785212E2E5F00F1D361 /* Headers */,
				792EB786212E2E5F00F1D361 /* Sources */,
				792EB787212E2E5F00F1D361 /* Frameworks */,
				792EB788212E2E5F00F1D361 /* Resources */,
			);
			buildRules = (
			);
			dependencies = (
			);
			name = Domain;
			productName = Domain;
			productReference = 792EB78A212E2E5F00F1D361 /* Domain.framework */;
			productType = "com.apple.product-type.framework";
		};
/* End PBXNativeTarget section */

/* Begin PBXProject section */
		792EB756212E2B1D00F1D361 /* Project object */ = {
			isa = PBXProject;
			attributes = {
				LastSwiftUpdateCheck = 1000;
				LastUpgradeCheck = 1000;
				ORGANIZATIONNAME = "Brenden Smerbeck";
				TargetAttributes = {
					792EB75D212E2B1D00F1D361 = {
						CreatedOnToolsVersion = 10.0;
					};
					792EB777212E2E3700F1D361 = {
						CreatedOnToolsVersion = 10.0;
						LastSwiftMigration = 1000;
					};
					792EB789212E2E5F00F1D361 = {
						CreatedOnToolsVersion = 10.0;
					};
				};
			};
			buildConfigurationList = 792EB759212E2B1D00F1D361 /* Build configuration list for PBXProject "CleanArchitectureRealm" */;
			compatibilityVersion = "Xcode 9.3";
			developmentRegion = en;
			hasScannedForEncodings = 0;
			knownRegions = (
				en,
				Base,
			);
			mainGroup = 792EB755212E2B1D00F1D361;
			productRefGroup = 792EB75F212E2B1D00F1D361 /* Products */;
			projectDirPath = "";
			projectRoot = "";
			targets = (
				792EB75D212E2B1D00F1D361 /* CleanArchitectureRealm */,
				792EB777212E2E3700F1D361 /* RealmPlatform */,
				792EB789212E2E5F00F1D361 /* Domain */,
			);
		};
/* End PBXProject section */

/* Begin PBXResourcesBuildPhase section */
		792EB75C212E2B1D00F1D361 /* Resources */ = {
			isa = PBXResourcesBuildPhase;
			buildActionMask = 2147483647;
			files = (
				792EB76C212E2B2700F1D361 /* LaunchScreen.storyboard in Resources */,
				792EB769212E2B2600F1D361 /* Assets.xcassets in Resources */,
				792EB767212E2B1E00F1D361 /* Main.storyboard in Resources */,
			);
			runOnlyForDeploymentPostprocessing = 0;
		};
		792EB776212E2E3700F1D361 /* Resources */ = {
			isa = PBXResourcesBuildPhase;
			buildActionMask = 2147483647;
			files = (
			);
			runOnlyForDeploymentPostprocessing = 0;
		};
		792EB788212E2E5F00F1D361 /* Resources */ = {
			isa = PBXResourcesBuildPhase;
			buildActionMask = 2147483647;
			files = (
			);
			runOnlyForDeploymentPostprocessing = 0;
		};
/* End PBXResourcesBuildPhase section */

/* Begin PBXShellScriptBuildPhase section */
		7596141DB0450560FBB96E11 /* [CP] Check Pods Manifest.lock */ = {
			isa = PBXShellScriptBuildPhase;
			buildActionMask = 2147483647;
			files = (
			);
			inputPaths = (
				"${PODS_PODFILE_DIR_PATH}/Podfile.lock",
				"${PODS_ROOT}/Manifest.lock",
			);
			name = "[CP] Check Pods Manifest.lock";
			outputPaths = (
				"$(DERIVED_FILE_DIR)/Pods-RealmPlatform-checkManifestLockResult.txt",
			);
			runOnlyForDeploymentPostprocessing = 0;
			shellPath = /bin/sh;
			shellScript = "diff \"${PODS_PODFILE_DIR_PATH}/Podfile.lock\" \"${PODS_ROOT}/Manifest.lock\" > /dev/null\nif [ $? != 0 ] ; then\n    # print error to STDERR\n    echo \"error: The sandbox is not in sync with the Podfile.lock. Run 'pod install' or update your CocoaPods installation.\" >&2\n    exit 1\nfi\n# This output is used by Xcode 'outputs' to avoid re-running this script phase.\necho \"SUCCESS\" > \"${SCRIPT_OUTPUT_FILE_0}\"\n";
			showEnvVarsInLog = 0;
		};
		7E433860B9C684C248F1DF79 /* [CP] Check Pods Manifest.lock */ = {
			isa = PBXShellScriptBuildPhase;
			buildActionMask = 2147483647;
			files = (
			);
			inputPaths = (
				"${PODS_PODFILE_DIR_PATH}/Podfile.lock",
				"${PODS_ROOT}/Manifest.lock",
			);
			name = "[CP] Check Pods Manifest.lock";
			outputPaths = (
				"$(DERIVED_FILE_DIR)/Pods-Domain-checkManifestLockResult.txt",
			);
			runOnlyForDeploymentPostprocessing = 0;
			shellPath = /bin/sh;
			shellScript = "diff \"${PODS_PODFILE_DIR_PATH}/Podfile.lock\" \"${PODS_ROOT}/Manifest.lock\" > /dev/null\nif [ $? != 0 ] ; then\n    # print error to STDERR\n    echo \"error: The sandbox is not in sync with the Podfile.lock. Run 'pod install' or update your CocoaPods installation.\" >&2\n    exit 1\nfi\n# This output is used by Xcode 'outputs' to avoid re-running this script phase.\necho \"SUCCESS\" > \"${SCRIPT_OUTPUT_FILE_0}\"\n";
			showEnvVarsInLog = 0;
		};
		A0DA315B9AE966BB4183EFAC /* [CP] Embed Pods Frameworks */ = {
			isa = PBXShellScriptBuildPhase;
			buildActionMask = 2147483647;
			files = (
			);
			inputPaths = (
				"${SRCROOT}/Pods/Target Support Files/Pods-CleanArchitectureRealm/Pods-CleanArchitectureRealm-frameworks.sh",
				"${BUILT_PRODUCTS_DIR}/RxCocoa/RxCocoa.framework",
				"${BUILT_PRODUCTS_DIR}/RxSwift/RxSwift.framework",
				"${BUILT_PRODUCTS_DIR}/Realm/Realm.framework",
				"${BUILT_PRODUCTS_DIR}/RealmSwift/RealmSwift.framework",
				"${BUILT_PRODUCTS_DIR}/RxRealm/RxRealm.framework",
			);
			name = "[CP] Embed Pods Frameworks";
			outputPaths = (
				"${TARGET_BUILD_DIR}/${FRAMEWORKS_FOLDER_PATH}/RxCocoa.framework",
				"${TARGET_BUILD_DIR}/${FRAMEWORKS_FOLDER_PATH}/RxSwift.framework",
				"${TARGET_BUILD_DIR}/${FRAMEWORKS_FOLDER_PATH}/Realm.framework",
				"${TARGET_BUILD_DIR}/${FRAMEWORKS_FOLDER_PATH}/RealmSwift.framework",
				"${TARGET_BUILD_DIR}/${FRAMEWORKS_FOLDER_PATH}/RxRealm.framework",
			);
			runOnlyForDeploymentPostprocessing = 0;
			shellPath = /bin/sh;
			shellScript = "\"${SRCROOT}/Pods/Target Support Files/Pods-CleanArchitectureRealm/Pods-CleanArchitectureRealm-frameworks.sh\"\n";
			showEnvVarsInLog = 0;
		};
		A9238EA5057801636672DCBD /* [CP] Check Pods Manifest.lock */ = {
			isa = PBXShellScriptBuildPhase;
			buildActionMask = 2147483647;
			files = (
			);
			inputPaths = (
				"${PODS_PODFILE_DIR_PATH}/Podfile.lock",
				"${PODS_ROOT}/Manifest.lock",
			);
			name = "[CP] Check Pods Manifest.lock";
			outputPaths = (
				"$(DERIVED_FILE_DIR)/Pods-CleanArchitectureRealm-checkManifestLockResult.txt",
			);
			runOnlyForDeploymentPostprocessing = 0;
			shellPath = /bin/sh;
			shellScript = "diff \"${PODS_PODFILE_DIR_PATH}/Podfile.lock\" \"${PODS_ROOT}/Manifest.lock\" > /dev/null\nif [ $? != 0 ] ; then\n    # print error to STDERR\n    echo \"error: The sandbox is not in sync with the Podfile.lock. Run 'pod install' or update your CocoaPods installation.\" >&2\n    exit 1\nfi\n# This output is used by Xcode 'outputs' to avoid re-running this script phase.\necho \"SUCCESS\" > \"${SCRIPT_OUTPUT_FILE_0}\"\n";
			showEnvVarsInLog = 0;
		};
/* End PBXShellScriptBuildPhase section */

/* Begin PBXSourcesBuildPhase section */
		792EB75A212E2B1D00F1D361 /* Sources */ = {
			isa = PBXSourcesBuildPhase;
			buildActionMask = 2147483647;
			files = (
				792EB764212E2B1D00F1D361 /* ViewController.swift in Sources */,
				792EB762212E2B1D00F1D361 /* AppDelegate.swift in Sources */,
			);
			runOnlyForDeploymentPostprocessing = 0;
		};
		792EB774212E2E3700F1D361 /* Sources */ = {
			isa = PBXSourcesBuildPhase;
			buildActionMask = 2147483647;
			files = (
				792EB79F212E33E200F1D361 /* RealmRepresentable.swift in Sources */,
				792EB7A7212E369600F1D361 /* RunLoopThreadScheduler.swift in Sources */,
				792EB799212E30D100F1D361 /* Observable+Ext.swift in Sources */,
				792EB7A4212E365C00F1D361 /* Repository.swift in Sources */,
				792EB79D212E33C800F1D361 /* DomainConvertibleType.swift in Sources */,
				792EB7A1212E341D00F1D361 /* Realm+Ext.swift in Sources */,
			);
			runOnlyForDeploymentPostprocessing = 0;
		};
		792EB786212E2E5F00F1D361 /* Sources */ = {
			isa = PBXSourcesBuildPhase;
			buildActionMask = 2147483647;
			files = (
			);
			runOnlyForDeploymentPostprocessing = 0;
		};
/* End PBXSourcesBuildPhase section */

/* Begin PBXTargetDependency section */
		792EB77E212E2E3700F1D361 /* PBXTargetDependency */ = {
			isa = PBXTargetDependency;
			target = 792EB777212E2E3700F1D361 /* RealmPlatform */;
			targetProxy = 792EB77D212E2E3700F1D361 /* PBXContainerItemProxy */;
		};
		792EB790212E2E5F00F1D361 /* PBXTargetDependency */ = {
			isa = PBXTargetDependency;
			target = 792EB789212E2E5F00F1D361 /* Domain */;
			targetProxy = 792EB78F212E2E5F00F1D361 /* PBXContainerItemProxy */;
		};
/* End PBXTargetDependency section */

/* Begin PBXVariantGroup section */
		792EB765212E2B1E00F1D361 /* Main.storyboard */ = {
			isa = PBXVariantGroup;
			children = (
				792EB766212E2B1E00F1D361 /* Base */,
			);
			name = Main.storyboard;
			sourceTree = "<group>";
		};
		792EB76A212E2B2700F1D361 /* LaunchScreen.storyboard */ = {
			isa = PBXVariantGroup;
			children = (
				792EB76B212E2B2700F1D361 /* Base */,
			);
			name = LaunchScreen.storyboard;
			sourceTree = "<group>";
		};
/* End PBXVariantGroup section */

/* Begin XCBuildConfiguration section */
		792EB76E212E2B2700F1D361 /* Debug */ = {
			isa = XCBuildConfiguration;
			buildSettings = {
				ALWAYS_SEARCH_USER_PATHS = NO;
				CLANG_ANALYZER_NONNULL = YES;
				CLANG_ANALYZER_NUMBER_OBJECT_CONVERSION = YES_AGGRESSIVE;
				CLANG_CXX_LANGUAGE_STANDARD = "gnu++14";
				CLANG_CXX_LIBRARY = "libc++";
				CLANG_ENABLE_MODULES = YES;
				CLANG_ENABLE_OBJC_ARC = YES;
				CLANG_ENABLE_OBJC_WEAK = YES;
				CLANG_WARN_BLOCK_CAPTURE_AUTORELEASING = YES;
				CLANG_WARN_BOOL_CONVERSION = YES;
				CLANG_WARN_COMMA = YES;
				CLANG_WARN_CONSTANT_CONVERSION = YES;
				CLANG_WARN_DEPRECATED_OBJC_IMPLEMENTATIONS = YES;
				CLANG_WARN_DIRECT_OBJC_ISA_USAGE = YES_ERROR;
				CLANG_WARN_DOCUMENTATION_COMMENTS = YES;
				CLANG_WARN_EMPTY_BODY = YES;
				CLANG_WARN_ENUM_CONVERSION = YES;
				CLANG_WARN_INFINITE_RECURSION = YES;
				CLANG_WARN_INT_CONVERSION = YES;
				CLANG_WARN_NON_LITERAL_NULL_CONVERSION = YES;
				CLANG_WARN_OBJC_IMPLICIT_RETAIN_SELF = YES;
				CLANG_WARN_OBJC_LITERAL_CONVERSION = YES;
				CLANG_WARN_OBJC_ROOT_CLASS = YES_ERROR;
				CLANG_WARN_RANGE_LOOP_ANALYSIS = YES;
				CLANG_WARN_STRICT_PROTOTYPES = YES;
				CLANG_WARN_SUSPICIOUS_MOVE = YES;
				CLANG_WARN_UNGUARDED_AVAILABILITY = YES_AGGRESSIVE;
				CLANG_WARN_UNREACHABLE_CODE = YES;
				CLANG_WARN__DUPLICATE_METHOD_MATCH = YES;
				CODE_SIGN_IDENTITY = "iPhone Developer";
				COPY_PHASE_STRIP = NO;
				DEBUG_INFORMATION_FORMAT = dwarf;
				ENABLE_STRICT_OBJC_MSGSEND = YES;
				ENABLE_TESTABILITY = YES;
				GCC_C_LANGUAGE_STANDARD = gnu11;
				GCC_DYNAMIC_NO_PIC = NO;
				GCC_NO_COMMON_BLOCKS = YES;
				GCC_OPTIMIZATION_LEVEL = 0;
				GCC_PREPROCESSOR_DEFINITIONS = (
					"DEBUG=1",
					"$(inherited)",
				);
				GCC_WARN_64_TO_32_BIT_CONVERSION = YES;
				GCC_WARN_ABOUT_RETURN_TYPE = YES_ERROR;
				GCC_WARN_UNDECLARED_SELECTOR = YES;
				GCC_WARN_UNINITIALIZED_AUTOS = YES_AGGRESSIVE;
				GCC_WARN_UNUSED_FUNCTION = YES;
				GCC_WARN_UNUSED_VARIABLE = YES;
				IPHONEOS_DEPLOYMENT_TARGET = 12.0;
				MTL_ENABLE_DEBUG_INFO = INCLUDE_SOURCE;
				MTL_FAST_MATH = YES;
				ONLY_ACTIVE_ARCH = YES;
				SDKROOT = iphoneos;
				SWIFT_ACTIVE_COMPILATION_CONDITIONS = DEBUG;
				SWIFT_OPTIMIZATION_LEVEL = "-Onone";
				SWIFT_VERSION = 4.0;
			};
			name = Debug;
		};
		792EB76F212E2B2700F1D361 /* Release */ = {
			isa = XCBuildConfiguration;
			buildSettings = {
				ALWAYS_SEARCH_USER_PATHS = NO;
				CLANG_ANALYZER_NONNULL = YES;
				CLANG_ANALYZER_NUMBER_OBJECT_CONVERSION = YES_AGGRESSIVE;
				CLANG_CXX_LANGUAGE_STANDARD = "gnu++14";
				CLANG_CXX_LIBRARY = "libc++";
				CLANG_ENABLE_MODULES = YES;
				CLANG_ENABLE_OBJC_ARC = YES;
				CLANG_ENABLE_OBJC_WEAK = YES;
				CLANG_WARN_BLOCK_CAPTURE_AUTORELEASING = YES;
				CLANG_WARN_BOOL_CONVERSION = YES;
				CLANG_WARN_COMMA = YES;
				CLANG_WARN_CONSTANT_CONVERSION = YES;
				CLANG_WARN_DEPRECATED_OBJC_IMPLEMENTATIONS = YES;
				CLANG_WARN_DIRECT_OBJC_ISA_USAGE = YES_ERROR;
				CLANG_WARN_DOCUMENTATION_COMMENTS = YES;
				CLANG_WARN_EMPTY_BODY = YES;
				CLANG_WARN_ENUM_CONVERSION = YES;
				CLANG_WARN_INFINITE_RECURSION = YES;
				CLANG_WARN_INT_CONVERSION = YES;
				CLANG_WARN_NON_LITERAL_NULL_CONVERSION = YES;
				CLANG_WARN_OBJC_IMPLICIT_RETAIN_SELF = YES;
				CLANG_WARN_OBJC_LITERAL_CONVERSION = YES;
				CLANG_WARN_OBJC_ROOT_CLASS = YES_ERROR;
				CLANG_WARN_RANGE_LOOP_ANALYSIS = YES;
				CLANG_WARN_STRICT_PROTOTYPES = YES;
				CLANG_WARN_SUSPICIOUS_MOVE = YES;
				CLANG_WARN_UNGUARDED_AVAILABILITY = YES_AGGRESSIVE;
				CLANG_WARN_UNREACHABLE_CODE = YES;
				CLANG_WARN__DUPLICATE_METHOD_MATCH = YES;
				CODE_SIGN_IDENTITY = "iPhone Developer";
				COPY_PHASE_STRIP = NO;
				DEBUG_INFORMATION_FORMAT = "dwarf-with-dsym";
				ENABLE_NS_ASSERTIONS = NO;
				ENABLE_STRICT_OBJC_MSGSEND = YES;
				GCC_C_LANGUAGE_STANDARD = gnu11;
				GCC_NO_COMMON_BLOCKS = YES;
				GCC_WARN_64_TO_32_BIT_CONVERSION = YES;
				GCC_WARN_ABOUT_RETURN_TYPE = YES_ERROR;
				GCC_WARN_UNDECLARED_SELECTOR = YES;
				GCC_WARN_UNINITIALIZED_AUTOS = YES_AGGRESSIVE;
				GCC_WARN_UNUSED_FUNCTION = YES;
				GCC_WARN_UNUSED_VARIABLE = YES;
				IPHONEOS_DEPLOYMENT_TARGET = 12.0;
				MTL_ENABLE_DEBUG_INFO = NO;
				MTL_FAST_MATH = YES;
				SDKROOT = iphoneos;
				SWIFT_COMPILATION_MODE = wholemodule;
				SWIFT_OPTIMIZATION_LEVEL = "-O";
				SWIFT_VERSION = 4.0;
				VALIDATE_PRODUCT = YES;
			};
			name = Release;
		};
		792EB771212E2B2700F1D361 /* Debug */ = {
			isa = XCBuildConfiguration;
			baseConfigurationReference = 23E01CFF64EA1665211379E7 /* Pods-CleanArchitectureRealm.debug.xcconfig */;
			buildSettings = {
				ALWAYS_EMBED_SWIFT_STANDARD_LIBRARIES = YES;
				ASSETCATALOG_COMPILER_APPICON_NAME = AppIcon;
				CODE_SIGN_STYLE = Automatic;
				DEVELOPMENT_TEAM = W4734JYTAP;
				INFOPLIST_FILE = CleanArchitectureRealm/Info.plist;
				LD_RUNPATH_SEARCH_PATHS = (
					"$(inherited)",
					"@executable_path/Frameworks",
				);
				PRODUCT_BUNDLE_IDENTIFIER = bsmerbeck.CleanArchitectureRealm;
				PRODUCT_NAME = "$(TARGET_NAME)";
				SWIFT_VERSION = 4.0;
				TARGETED_DEVICE_FAMILY = "1,2";
			};
			name = Debug;
		};
		792EB772212E2B2700F1D361 /* Release */ = {
			isa = XCBuildConfiguration;
			baseConfigurationReference = 37761BC38FBBB27C7180A337 /* Pods-CleanArchitectureRealm.release.xcconfig */;
			buildSettings = {
				ALWAYS_EMBED_SWIFT_STANDARD_LIBRARIES = YES;
				ASSETCATALOG_COMPILER_APPICON_NAME = AppIcon;
				CODE_SIGN_STYLE = Automatic;
				DEVELOPMENT_TEAM = W4734JYTAP;
				INFOPLIST_FILE = CleanArchitectureRealm/Info.plist;
				LD_RUNPATH_SEARCH_PATHS = (
					"$(inherited)",
					"@executable_path/Frameworks",
				);
				PRODUCT_BUNDLE_IDENTIFIER = bsmerbeck.CleanArchitectureRealm;
				PRODUCT_NAME = "$(TARGET_NAME)";
				SWIFT_VERSION = 4.0;
				TARGETED_DEVICE_FAMILY = "1,2";
			};
			name = Release;
		};
		792EB781212E2E3700F1D361 /* Debug */ = {
			isa = XCBuildConfiguration;
			baseConfigurationReference = 062EADD57ECBBD777FEAD3D6 /* Pods-RealmPlatform.debug.xcconfig */;
			buildSettings = {
				CLANG_ENABLE_MODULES = YES;
				CODE_SIGN_IDENTITY = "";
				CODE_SIGN_STYLE = Automatic;
				CURRENT_PROJECT_VERSION = 1;
				DEFINES_MODULE = YES;
				DEVELOPMENT_TEAM = "";
				DYLIB_COMPATIBILITY_VERSION = 1;
				DYLIB_CURRENT_VERSION = 1;
				DYLIB_INSTALL_NAME_BASE = "@rpath";
				INFOPLIST_FILE = RealmPlatform/Info.plist;
				INSTALL_PATH = "$(LOCAL_LIBRARY_DIR)/Frameworks";
				LD_RUNPATH_SEARCH_PATHS = (
					"$(inherited)",
					"@executable_path/Frameworks",
					"@loader_path/Frameworks",
				);
				PRODUCT_BUNDLE_IDENTIFIER = bsmerbeck.RealmPlatform;
				PRODUCT_NAME = "$(TARGET_NAME:c99extidentifier)";
				SKIP_INSTALL = YES;
				SWIFT_OPTIMIZATION_LEVEL = "-Onone";
				SWIFT_VERSION = 4.0;
				TARGETED_DEVICE_FAMILY = "1,2";
				VERSIONING_SYSTEM = "apple-generic";
				VERSION_INFO_PREFIX = "";
			};
			name = Debug;
		};
		792EB782212E2E3700F1D361 /* Release */ = {
			isa = XCBuildConfiguration;
			baseConfigurationReference = F9370617714CC943708533C2 /* Pods-RealmPlatform.release.xcconfig */;
			buildSettings = {
				CLANG_ENABLE_MODULES = YES;
				CODE_SIGN_IDENTITY = "";
				CODE_SIGN_STYLE = Automatic;
				CURRENT_PROJECT_VERSION = 1;
				DEFINES_MODULE = YES;
				DEVELOPMENT_TEAM = "";
				DYLIB_COMPATIBILITY_VERSION = 1;
				DYLIB_CURRENT_VERSION = 1;
				DYLIB_INSTALL_NAME_BASE = "@rpath";
				INFOPLIST_FILE = RealmPlatform/Info.plist;
				INSTALL_PATH = "$(LOCAL_LIBRARY_DIR)/Frameworks";
				LD_RUNPATH_SEARCH_PATHS = (
					"$(inherited)",
					"@executable_path/Frameworks",
					"@loader_path/Frameworks",
				);
				PRODUCT_BUNDLE_IDENTIFIER = bsmerbeck.RealmPlatform;
				PRODUCT_NAME = "$(TARGET_NAME:c99extidentifier)";
				SKIP_INSTALL = YES;
				SWIFT_VERSION = 4.0;
				TARGETED_DEVICE_FAMILY = "1,2";
				VERSIONING_SYSTEM = "apple-generic";
				VERSION_INFO_PREFIX = "";
			};
			name = Release;
		};
		792EB794212E2E5F00F1D361 /* Debug */ = {
			isa = XCBuildConfiguration;
			baseConfigurationReference = 7B54DDC799B3A516E08D9CFF /* Pods-Domain.debug.xcconfig */;
			buildSettings = {
				CODE_SIGN_IDENTITY = "";
				CODE_SIGN_STYLE = Automatic;
				CURRENT_PROJECT_VERSION = 1;
				DEFINES_MODULE = YES;
				DEVELOPMENT_TEAM = "";
				DYLIB_COMPATIBILITY_VERSION = 1;
				DYLIB_CURRENT_VERSION = 1;
				DYLIB_INSTALL_NAME_BASE = "@rpath";
				INFOPLIST_FILE = Domain/Info.plist;
				INSTALL_PATH = "$(LOCAL_LIBRARY_DIR)/Frameworks";
				LD_RUNPATH_SEARCH_PATHS = (
					"$(inherited)",
					"@executable_path/Frameworks",
					"@loader_path/Frameworks",
				);
				PRODUCT_BUNDLE_IDENTIFIER = bsmerbeck.Domain;
				PRODUCT_NAME = "$(TARGET_NAME:c99extidentifier)";
				SKIP_INSTALL = YES;
				SWIFT_VERSION = 4.0;
				TARGETED_DEVICE_FAMILY = "1,2";
				VERSIONING_SYSTEM = "apple-generic";
				VERSION_INFO_PREFIX = "";
			};
			name = Debug;
		};
		792EB795212E2E5F00F1D361 /* Release */ = {
			isa = XCBuildConfiguration;
			baseConfigurationReference = F91703418CAE1A281EE44560 /* Pods-Domain.release.xcconfig */;
			buildSettings = {
				CODE_SIGN_IDENTITY = "";
				CODE_SIGN_STYLE = Automatic;
				CURRENT_PROJECT_VERSION = 1;
				DEFINES_MODULE = YES;
				DEVELOPMENT_TEAM = "";
				DYLIB_COMPATIBILITY_VERSION = 1;
				DYLIB_CURRENT_VERSION = 1;
				DYLIB_INSTALL_NAME_BASE = "@rpath";
				INFOPLIST_FILE = Domain/Info.plist;
				INSTALL_PATH = "$(LOCAL_LIBRARY_DIR)/Frameworks";
				LD_RUNPATH_SEARCH_PATHS = (
					"$(inherited)",
					"@executable_path/Frameworks",
					"@loader_path/Frameworks",
				);
				PRODUCT_BUNDLE_IDENTIFIER = bsmerbeck.Domain;
				PRODUCT_NAME = "$(TARGET_NAME:c99extidentifier)";
				SKIP_INSTALL = YES;
				SWIFT_VERSION = 4.0;
				TARGETED_DEVICE_FAMILY = "1,2";
				VERSIONING_SYSTEM = "apple-generic";
				VERSION_INFO_PREFIX = "";
			};
			name = Release;
		};
/* End XCBuildConfiguration section */

/* Begin XCConfigurationList section */
		792EB759212E2B1D00F1D361 /* Build configuration list for PBXProject "CleanArchitectureRealm" */ = {
			isa = XCConfigurationList;
			buildConfigurations = (
				792EB76E212E2B2700F1D361 /* Debug */,
				792EB76F212E2B2700F1D361 /* Release */,
			);
			defaultConfigurationIsVisible = 0;
			defaultConfigurationName = Release;
		};
		792EB770212E2B2700F1D361 /* Build configuration list for PBXNativeTarget "CleanArchitectureRealm" */ = {
			isa = XCConfigurationList;
			buildConfigurations = (
				792EB771212E2B2700F1D361 /* Debug */,
				792EB772212E2B2700F1D361 /* Release */,
			);
			defaultConfigurationIsVisible = 0;
			defaultConfigurationName = Release;
		};
		792EB783212E2E3700F1D361 /* Build configuration list for PBXNativeTarget "RealmPlatform" */ = {
			isa = XCConfigurationList;
			buildConfigurations = (
				792EB781212E2E3700F1D361 /* Debug */,
				792EB782212E2E3700F1D361 /* Release */,
			);
			defaultConfigurationIsVisible = 0;
			defaultConfigurationName = Release;
		};
		792EB793212E2E5F00F1D361 /* Build configuration list for PBXNativeTarget "Domain" */ = {
			isa = XCConfigurationList;
			buildConfigurations = (
				792EB794212E2E5F00F1D361 /* Debug */,
				792EB795212E2E5F00F1D361 /* Release */,
			);
			defaultConfigurationIsVisible = 0;
			defaultConfigurationName = Release;
		};
/* End XCConfigurationList section */
	};
	rootObject = 792EB756212E2B1D00F1D361 /* Project object */;
}
